
Microsoft Visual Studio Solution File, Format Version 12.00
# Visual Studio Version 17
VisualStudioVersion = 17.0.32014.148
MinimumVisualStudioVersion = 10.0.40219.1
Project("{FAE04EC0-301F-11D3-BF4B-00C04F79EFBC}") = "Api_LoginMvc", "Api_LoginMvc\Api_LoginMvc.csproj", "{E94D7415-CB39-4444-986B-E99669CF16B0}"
EndProject
Global
	GlobalSection(SolutionConfigurationPlatforms) = preSolution
		Debug|Any CPU = Debug|Any CPU
		Release|Any CPU = Release|Any CPU
	EndGlobalSection
	GlobalSection(ProjectConfigurationPlatforms) = postSolution
		{E94D7415-CB39-4444-986B-E99669CF16B0}.Debug|Any CPU.ActiveCfg = Debug|Any CPU
		{E94D7415-CB39-4444-986B-E99669CF16B0}.Debug|Any CPU.Build.0 = Debug|Any CPU
		{E94D7415-CB39-4444-986B-E99669CF16B0}.Release|Any CPU.ActiveCfg = Release|Any CPU
		{E94D7415-CB39-4444-986B-E99669CF16B0}.Release|Any CPU.Build.0 = Release|Any CPU
	EndGlobalSection
	GlobalSection(SolutionProperties) = preSolution
		HideSolutionNode = FALSE
	EndGlobalSection
	GlobalSection(ExtensibilityGlobals) = postSolution
		SolutionGuid = {4EC6B5A0-E073-4248-A471-C9CA81DF7463}
	EndGlobalSection
EndGlobal
